// !$*UTF8*$!
{
	archiveVersion = 1;
	classes = {
	};
	objectVersion = 56;
	objects = {

/* Begin PBXBuildFile section */
		A81961882C508260008EFC0A /* AppDelegate.swift in Sources */ = {isa = PBXBuildFile; fileRef = A81961872C508260008EFC0A /* AppDelegate.swift */; };
		A819618A2C508260008EFC0A /* SceneDelegate.swift in Sources */ = {isa = PBXBuildFile; fileRef = A81961892C508260008EFC0A /* SceneDelegate.swift */; };
		A819618C2C508260008EFC0A /* ViewController.swift in Sources */ = {isa = PBXBuildFile; fileRef = A819618B2C508260008EFC0A /* ViewController.swift */; };
		A819618F2C508260008EFC0A /* Base in Resources */ = {isa = PBXBuildFile; fileRef = A819618E2C508260008EFC0A /* Base */; };
		A81961922C508260008EFC0A /* ChildViewController.xcdatamodeld in Sources */ = {isa = PBXBuildFile; fileRef = A81961902C508260008EFC0A /* ChildViewController.xcdatamodeld */; };
		A81961942C508261008EFC0A /* Assets.xcassets in Resources */ = {isa = PBXBuildFile; fileRef = A81961932C508261008EFC0A /* Assets.xcassets */; };
		A81961972C508261008EFC0A /* Base in Resources */ = {isa = PBXBuildFile; fileRef = A81961962C508261008EFC0A /* Base */; };
		A81961A12C508380008EFC0A /* FirstChildVC.swift in Sources */ = {isa = PBXBuildFile; fileRef = A81961A02C508380008EFC0A /* FirstChildVC.swift */; };
		A81961A32C509830008EFC0A /* SecondChildVC.swift in Sources */ = {isa = PBXBuildFile; fileRef = A81961A22C509830008EFC0A /* SecondChildVC.swift */; };
/* End PBXBuildFile section */

/* Begin PBXFileReference section */
		A81961842C508260008EFC0A /* ChildViewController.app */ = {isa = PBXFileReference; explicitFileType = wrapper.application; includeInIndex = 0; path = ChildViewController.app; sourceTree = BUILT_PRODUCTS_DIR; };
		A81961872C508260008EFC0A /* AppDelegate.swift */ = {isa = PBXFileReference; lastKnownFileType = sourcecode.swift; path = AppDelegate.swift; sourceTree = "<group>"; };
		A81961892C508260008EFC0A /* SceneDelegate.swift */ = {isa = PBXFileReference; lastKnownFileType = sourcecode.swift; path = SceneDelegate.swift; sourceTree = "<group>"; };
		A819618B2C508260008EFC0A /* ViewController.swift */ = {isa = PBXFileReference; lastKnownFileType = sourcecode.swift; path = ViewController.swift; sourceTree = "<group>"; };
		A819618E2C508260008EFC0A /* Base */ = {isa = PBXFileReference; lastKnownFileType = file.storyboard; name = Base; path = Base.lproj/Main.storyboard; sourceTree = "<group>"; };
		A81961912C508260008EFC0A /* ChildViewController.xcdatamodel */ = {isa = PBXFileReference; lastKnownFileType = wrapper.xcdatamodel; path = ChildViewController.xcdatamodel; sourceTree = "<group>"; };
		A81961932C508261008EFC0A /* Assets.xcassets */ = {isa = PBXFileReference; lastKnownFileType = folder.assetcatalog; path = Assets.xcassets; sourceTree = "<group>"; };
		A81961962C508261008EFC0A /* Base */ = {isa = PBXFileReference; lastKnownFileType = file.storyboard; name = Base; path = Base.lproj/LaunchScreen.storyboard; sourceTree = "<group>"; };
		A81961982C508261008EFC0A /* Info.plist */ = {isa = PBXFileReference; lastKnownFileType = text.plist.xml; path = Info.plist; sourceTree = "<group>"; };
		A81961A02C508380008EFC0A /* FirstChildVC.swift */ = {isa = PBXFileReference; lastKnownFileType = sourcecode.swift; path = FirstChildVC.swift; sourceTree = "<group>"; };
		A81961A22C509830008EFC0A /* SecondChildVC.swift */ = {isa = PBXFileReference; lastKnownFileType = sourcecode.swift; path = SecondChildVC.swift; sourceTree = "<group>"; };
/* End PBXFileReference section */

/* Begin PBXFrameworksBuildPhase section */
		A81961812C508260008EFC0A /* Frameworks */ = {
			isa = PBXFrameworksBuildPhase;
			buildActionMask = 2147483647;
			files = (
			);
			runOnlyForDeploymentPostprocessing = 0;
		};
/* End PBXFrameworksBuildPhase section */

/* Begin PBXGroup section */
		A819617B2C508260008EFC0A = {
			isa = PBXGroup;
			children = (
				A81961862C508260008EFC0A /* ChildViewController */,
				A81961852C508260008EFC0A /* Products */,
			);
			sourceTree = "<group>";
		};
		A81961852C508260008EFC0A /* Products */ = {
			isa = PBXGroup;
			children = (
				A81961842C508260008EFC0A /* ChildViewController.app */,
			);
			name = Products;
			sourceTree = "<group>";
		};
		A81961862C508260008EFC0A /* ChildViewController */ = {
			isa = PBXGroup;
			children = (
				A81961872C508260008EFC0A /* AppDelegate.swift */,
				A81961892C508260008EFC0A /* SceneDelegate.swift */,
				A819618B2C508260008EFC0A /* ViewController.swift */,
				A81961A02C508380008EFC0A /* FirstChildVC.swift */,
				A81961A22C509830008EFC0A /* SecondChildVC.swift */,
				A819618D2C508260008EFC0A /* Main.storyboard */,
				A81961932C508261008EFC0A /* Assets.xcassets */,
				A81961952C508261008EFC0A /* LaunchScreen.storyboard */,
				A81961982C508261008EFC0A /* Info.plist */,
				A81961902C508260008EFC0A /* ChildViewController.xcdatamodeld */,
			);
			path = ChildViewController;
			sourceTree = "<group>";
		};
/* End PBXGroup section */

/* Begin PBXNativeTarget section */
		A81961832C508260008EFC0A /* ChildViewController */ = {
			isa = PBXNativeTarget;
			buildConfigurationList = A819619B2C508261008EFC0A /* Build configuration list for PBXNativeTarget "ChildViewController" */;
			buildPhases = (
				A81961802C508260008EFC0A /* Sources */,
				A81961812C508260008EFC0A /* Frameworks */,
				A81961822C508260008EFC0A /* Resources */,
			);
			buildRules = (
			);
			dependencies = (
			);
			name = ChildViewController;
			productName = ChildViewController;
			productReference = A81961842C508260008EFC0A /* ChildViewController.app */;
			productType = "com.apple.product-type.application";
		};
/* End PBXNativeTarget section */

/* Begin PBXProject section */
		A819617C2C508260008EFC0A /* Project object */ = {
			isa = PBXProject;
			attributes = {
				BuildIndependentTargetsInParallel = 1;
				LastSwiftUpdateCheck = 1530;
				LastUpgradeCheck = 1530;
				TargetAttributes = {
					A81961832C508260008EFC0A = {
						CreatedOnToolsVersion = 15.3;
					};
				};
			};
			buildConfigurationList = A819617F2C508260008EFC0A /* Build configuration list for PBXProject "ChildViewController" */;
			compatibilityVersion = "Xcode 14.0";
			developmentRegion = en;
			hasScannedForEncodings = 0;
			knownRegions = (
				en,
				Base,
			);
			mainGroup = A819617B2C508260008EFC0A;
			productRefGroup = A81961852C508260008EFC0A /* Products */;
			projectDirPath = "";
			projectRoot = "";
			targets = (
				A81961832C508260008EFC0A /* ChildViewController */,
			);
		};
/* End PBXProject section */

/* Begin PBXResourcesBuildPhase section */
		A81961822C508260008EFC0A /* Resources */ = {
			isa = PBXResourcesBuildPhase;
			buildActionMask = 2147483647;
			files = (
				A81961942C508261008EFC0A /* Assets.xcassets in Resources */,
				A81961972C508261008EFC0A /* Base in Resources */,
				A819618F2C508260008EFC0A /* Base in Resources */,
			);
			runOnlyForDeploymentPostprocessing = 0;
		};
/* End PBXResourcesBuildPhase section */

/* Begin PBXSourcesBuildPhase section */
		A81961802C508260008EFC0A /* Sources */ = {
			isa = PBXSourcesBuildPhase;
			buildActionMask = 2147483647;
			files = (
				A819618C2C508260008EFC0A /* ViewController.swift in Sources */,
				A81961882C508260008EFC0A /* AppDelegate.swift in Sources */,
				A81961922C508260008EFC0A /* ChildViewController.xcdatamodeld in Sources */,
				A81961A32C509830008EFC0A /* SecondChildVC.swift in Sources */,
				A81961A12C508380008EFC0A /* FirstChildVC.swift in Sources */,
				A819618A2C508260008EFC0A /* SceneDelegate.swift in Sources */,
			);
			runOnlyForDeploymentPostprocessing = 0;
		};
/* End PBXSourcesBuildPhase section */

/* Begin PBXVariantGroup section */
		A819618D2C508260008EFC0A /* Main.storyboard */ = {
			isa = PBXVariantGroup;
			children = (
				A819618E2C508260008EFC0A /* Base */,
			);
			name = Main.storyboard;
			sourceTree = "<group>";
		};
		A81961952C508261008EFC0A /* LaunchScreen.storyboard */ = {
			isa = PBXVariantGroup;
			children = (
				A81961962C508261008EFC0A /* Base */,
			);
			name = LaunchScreen.storyboard;
			sourceTree = "<group>";
		};
/* End PBXVariantGroup section */

/* Begin XCBuildConfiguration section */
		A81961992C508261008EFC0A /* Debug */ = {
			isa = XCBuildConfiguration;
			buildSettings = {
				ALWAYS_SEARCH_USER_PATHS = NO;
				ASSETCATALOG_COMPILER_GENERATE_SWIFT_ASSET_SYMBOL_EXTENSIONS = YES;
				CLANG_ANALYZER_NONNULL = YES;
				CLANG_ANALYZER_NUMBER_OBJECT_CONVERSION = YES_AGGRESSIVE;
				CLANG_CXX_LANGUAGE_STANDARD = "gnu++20";
				CLANG_ENABLE_MODULES = YES;
				CLANG_ENABLE_OBJC_ARC = YES;
				CLANG_ENABLE_OBJC_WEAK = YES;
				CLANG_WARN_BLOCK_CAPTURE_AUTORELEASING = YES;
				CLANG_WARN_BOOL_CONVERSION = YES;
				CLANG_WARN_COMMA = YES;
				CLANG_WARN_CONSTANT_CONVERSION = YES;
				CLANG_WARN_DEPRECATED_OBJC_IMPLEMENTATIONS = YES;
				CLANG_WARN_DIRECT_OBJC_ISA_USAGE = YES_ERROR;
				CLANG_WARN_DOCUMENTATION_COMMENTS = YES;
				CLANG_WARN_EMPTY_BODY = YES;
				CLANG_WARN_ENUM_CONVERSION = YES;
				CLANG_WARN_INFINITE_RECURSION = YES;
				CLANG_WARN_INT_CONVERSION = YES;
				CLANG_WARN_NON_LITERAL_NULL_CONVERSION = YES;
				CLANG_WARN_OBJC_IMPLICIT_RETAIN_SELF = YES;
				CLANG_WARN_OBJC_LITERAL_CONVERSION = YES;
				CLANG_WARN_OBJC_ROOT_CLASS = YES_ERROR;
				CLANG_WARN_QUOTED_INCLUDE_IN_FRAMEWORK_HEADER = YES;
				CLANG_WARN_RANGE_LOOP_ANALYSIS = YES;
				CLANG_WARN_STRICT_PROTOTYPES = YES;
				CLANG_WARN_SUSPICIOUS_MOVE = YES;
				CLANG_WARN_UNGUARDED_AVAILABILITY = YES_AGGRESSIVE;
				CLANG_WARN_UNREACHABLE_CODE = YES;
				CLANG_WARN__DUPLICATE_METHOD_MATCH = YES;
				COPY_PHASE_STRIP = NO;
				DEBUG_INFORMATION_FORMAT = dwarf;
				ENABLE_STRICT_OBJC_MSGSEND = YES;
				ENABLE_TESTABILITY = YES;
				ENABLE_USER_SCRIPT_SANDBOXING = YES;
				GCC_C_LANGUAGE_STANDARD = gnu17;
				GCC_DYNAMIC_NO_PIC = NO;
				GCC_NO_COMMON_BLOCKS = YES;
				GCC_OPTIMIZATION_LEVEL = 0;
				GCC_PREPROCESSOR_DEFINITIONS = (
					"DEBUG=1",
					"$(inherited)",
				);
				GCC_WARN_64_TO_32_BIT_CONVERSION = YES;
				GCC_WARN_ABOUT_RETURN_TYPE = YES_ERROR;
				GCC_WARN_UNDECLARED_SELECTOR = YES;
				GCC_WARN_UNINITIALIZED_AUTOS = YES_AGGRESSIVE;
				GCC_WARN_UNUSED_FUNCTION = YES;
				GCC_WARN_UNUSED_VARIABLE = YES;
				IPHONEOS_DEPLOYMENT_TARGET = 17.4;
				LOCALIZATION_PREFERS_STRING_CATALOGS = YES;
				MTL_ENABLE_DEBUG_INFO = INCLUDE_SOURCE;
				MTL_FAST_MATH = YES;
				ONLY_ACTIVE_ARCH = YES;
				SDKROOT = iphoneos;
				SWIFT_ACTIVE_COMPILATION_CONDITIONS = "DEBUG $(inherited)";
				SWIFT_OPTIMIZATION_LEVEL = "-Onone";
			};
			name = Debug;
		};
		A819619A2C508261008EFC0A /* Release */ = {
			isa = XCBuildConfiguration;
			buildSettings = {
				ALWAYS_SEARCH_USER_PATHS = NO;
				ASSETCATALOG_COMPILER_GENERATE_SWIFT_ASSET_SYMBOL_EXTENSIONS = YES;
				CLANG_ANALYZER_NONNULL = YES;
				CLANG_ANALYZER_NUMBER_OBJECT_CONVERSION = YES_AGGRESSIVE;
				CLANG_CXX_LANGUAGE_STANDARD = "gnu++20";
				CLANG_ENABLE_MODULES = YES;
				CLANG_ENABLE_OBJC_ARC = YES;
				CLANG_ENABLE_OBJC_WEAK = YES;
				CLANG_WARN_BLOCK_CAPTURE_AUTORELEASING = YES;
				CLANG_WARN_BOOL_CONVERSION = YES;
				CLANG_WARN_COMMA = YES;
				CLANG_WARN_CONSTANT_CONVERSION = YES;
				CLANG_WARN_DEPRECATED_OBJC_IMPLEMENTATIONS = YES;
				CLANG_WARN_DIRECT_OBJC_ISA_USAGE = YES_ERROR;
				CLANG_WARN_DOCUMENTATION_COMMENTS = YES;
				CLANG_WARN_EMPTY_BODY = YES;
				CLANG_WARN_ENUM_CONVERSION = YES;
				CLANG_WARN_INFINITE_RECURSION = YES;
				CLANG_WARN_INT_CONVERSION = YES;
				CLANG_WARN_NON_LITERAL_NULL_CONVERSION = YES;
				CLANG_WARN_OBJC_IMPLICIT_RETAIN_SELF = YES;
				CLANG_WARN_OBJC_LITERAL_CONVERSION = YES;
				CLANG_WARN_OBJC_ROOT_CLASS = YES_ERROR;
				CLANG_WARN_QUOTED_INCLUDE_IN_FRAMEWORK_HEADER = YES;
				CLANG_WARN_RANGE_LOOP_ANALYSIS = YES;
				CLANG_WARN_STRICT_PROTOTYPES = YES;
				CLANG_WARN_SUSPICIOUS_MOVE = YES;
				CLANG_WARN_UNGUARDED_AVAILABILITY = YES_AGGRESSIVE;
				CLANG_WARN_UNREACHABLE_CODE = YES;
				CLANG_WARN__DUPLICATE_METHOD_MATCH = YES;
				COPY_PHASE_STRIP = NO;
				DEBUG_INFORMATION_FORMAT = "dwarf-with-dsym";
				ENABLE_NS_ASSERTIONS = NO;
				ENABLE_STRICT_OBJC_MSGSEND = YES;
				ENABLE_USER_SCRIPT_SANDBOXING = YES;
				GCC_C_LANGUAGE_STANDARD = gnu17;
				GCC_NO_COMMON_BLOCKS = YES;
				GCC_WARN_64_TO_32_BIT_CONVERSION = YES;
				GCC_WARN_ABOUT_RETURN_TYPE = YES_ERROR;
				GCC_WARN_UNDECLARED_SELECTOR = YES;
				GCC_WARN_UNINITIALIZED_AUTOS = YES_AGGRESSIVE;
				GCC_WARN_UNUSED_FUNCTION = YES;
				GCC_WARN_UNUSED_VARIABLE = YES;
				IPHONEOS_DEPLOYMENT_TARGET = 17.4;
				LOCALIZATION_PREFERS_STRING_CATALOGS = YES;
				MTL_ENABLE_DEBUG_INFO = NO;
				MTL_FAST_MATH = YES;
				SDKROOT = iphoneos;
				SWIFT_COMPILATION_MODE = wholemodule;
				VALIDATE_PRODUCT = YES;
			};
			name = Release;
		};
		A819619C2C508261008EFC0A /* Debug */ = {
			isa = XCBuildConfiguration;
			buildSettings = {
				ASSETCATALOG_COMPILER_APPICON_NAME = AppIcon;
				ASSETCATALOG_COMPILER_GLOBAL_ACCENT_COLOR_NAME = AccentColor;
				CODE_SIGN_STYLE = Automatic;
				CURRENT_PROJECT_VERSION = 1;
				DEVELOPMENT_TEAM = GUP3F3MX45;
				GENERATE_INFOPLIST_FILE = YES;
				INFOPLIST_FILE = ChildViewController/Info.plist;
				INFOPLIST_KEY_UIApplicationSupportsIndirectInputEvents = YES;
				INFOPLIST_KEY_UILaunchStoryboardName = LaunchScreen;
				INFOPLIST_KEY_UIMainStoryboardFile = Main;
				INFOPLIST_KEY_UISupportedInterfaceOrientations_iPad = "UIInterfaceOrientationPortrait UIInterfaceOrientationPortraitUpsideDown UIInterfaceOrientationLandscapeLeft UIInterfaceOrientationLandscapeRight";
				INFOPLIST_KEY_UISupportedInterfaceOrientations_iPhone = "UIInterfaceOrientationPortrait UIInterfaceOrientationLandscapeLeft UIInterfaceOrientationLandscapeRight";
				LD_RUNPATH_SEARCH_PATHS = (
					"$(inherited)",
					"@executable_path/Frameworks",
				);
				MARKETING_VERSION = 1.0;
				PRODUCT_BUNDLE_IDENTIFIER = com.bobyin.ChildViewController;
				PRODUCT_NAME = "$(TARGET_NAME)";
				SWIFT_EMIT_LOC_STRINGS = YES;
				SWIFT_VERSION = 5.0;
				TARGETED_DEVICE_FAMILY = "1,2";
			};
			name = Debug;
		};
		A819619D2C508261008EFC0A /* Release */ = {
			isa = XCBuildConfiguration;
			buildSettings = {
				ASSETCATALOG_COMPILER_APPICON_NAME = AppIcon;
				ASSETCATALOG_COMPILER_GLOBAL_ACCENT_COLOR_NAME = AccentColor;
				CODE_SIGN_STYLE = Automatic;
				CURRENT_PROJECT_VERSION = 1;
				DEVELOPMENT_TEAM = GUP3F3MX45;
				GENERATE_INFOPLIST_FILE = YES;
				INFOPLIST_FILE = ChildViewController/Info.plist;
				INFOPLIST_KEY_UIApplicationSupportsIndirectInputEvents = YES;
				INFOPLIST_KEY_UILaunchStoryboardName = LaunchScreen;
				INFOPLIST_KEY_UIMainStoryboardFile = Main;
				INFOPLIST_KEY_UISupportedInterfaceOrientations_iPad = "UIInterfaceOrientationPortrait UIInterfaceOrientationPortraitUpsideDown UIInterfaceOrientationLandscapeLeft UIInterfaceOrientationLandscapeRight";
				INFOPLIST_KEY_UISupportedInterfaceOrientations_iPhone = "UIInterfaceOrientationPortrait UIInterfaceOrientationLandscapeLeft UIInterfaceOrientationLandscapeRight";
				LD_RUNPATH_SEARCH_PATHS = (
					"$(inherited)",
					"@executable_path/Frameworks",
				);
				MARKETING_VERSION = 1.0;
				PRODUCT_BUNDLE_IDENTIFIER = com.bobyin.ChildViewController;
				PRODUCT_NAME = "$(TARGET_NAME)";
				SWIFT_EMIT_LOC_STRINGS = YES;
				SWIFT_VERSION = 5.0;
				TARGETED_DEVICE_FAMILY = "1,2";
			};
			name = Release;
		};
/* End XCBuildConfiguration section */

/* Begin XCConfigurationList section */
		A819617F2C508260008EFC0A /* Build configuration list for PBXProject "ChildViewController" */ = {
			isa = XCConfigurationList;
			buildConfigurations = (
				A81961992C508261008EFC0A /* Debug */,
				A819619A2C508261008EFC0A /* Release */,
			);
			defaultConfigurationIsVisible = 0;
			defaultConfigurationName = Release;
		};
		A819619B2C508261008EFC0A /* Build configuration list for PBXNativeTarget "ChildViewController" */ = {
			isa = XCConfigurationList;
			buildConfigurations = (
				A819619C2C508261008EFC0A /* Debug */,
				A819619D2C508261008EFC0A /* Release */,
			);
			defaultConfigurationIsVisible = 0;
			defaultConfigurationName = Release;
		};
/* End XCConfigurationList section */

/* Begin XCVersionGroup section */
		A81961902C508260008EFC0A /* ChildViewController.xcdatamodeld */ = {
			isa = XCVersionGroup;
			children = (
				A81961912C508260008EFC0A /* ChildViewController.xcdatamodel */,
			);
			currentVersion = A81961912C508260008EFC0A /* ChildViewController.xcdatamodel */;
			path = ChildViewController.xcdatamodeld;
			sourceTree = "<group>";
			versionGroupType = wrapper.xcdatamodel;
		};
/* End XCVersionGroup section */
	};
	rootObject = A819617C2C508260008EFC0A /* Project object */;
}
